# This file is automatically @generated by Poetry 1.8.2 and should not be changed by hand.

[[package]]
name = "micropython-pca9685"
version = "0.0.0+auto.0"
description = "MicroPython Driver for the PCA9685"
optional = false
python-versions = "*"
files = []
develop = false

[package.source]
type = "git"
url = "https://github.com/jposada202020/MicroPython_PCA9685.git"
reference = "HEAD"
resolved_reference = "0adbc157260c0709f3540c82faf8ea6e527eca53"

[[package]]
name = "micropython-rp2-pico-w-stubs"
version = "1.20.0.post5"
description = "MicroPython stubs"
optional = false
python-versions = ">=3.8,<4.0"
files = [
    {file = "micropython_rp2_pico_w_stubs-1.20.0.post5-py3-none-any.whl", hash = "sha256:91ab52533620c6bc69617d5ea72d74bd96b9b70de64aec645fd26c1bc40c6659"},
    {file = "micropython_rp2_pico_w_stubs-1.20.0.post5.tar.gz", hash = "sha256:ce2bb383baca8b95dbb93280ea0bce5e335a82aa7134af0c2be77a4a6c9f14e0"},
]

[package.dependencies]
micropython-stdlib-stubs = ">=1.1.0"

[[package]]
name = "micropython-stdlib-stubs"
version = "1.1.2"
description = "Micropython stdlib is a reduced and augmented copy of typeshed's stdlib for use by MicroPython stub packages"
optional = false
python-versions = ">=3.8,<4.0"
files = [
    {file = "micropython_stdlib_stubs-1.1.2-py3-none-any.whl", hash = "sha256:a455a01a5d7700ef99124072d94c967d5123778512260d87679e47e57f81e3d8"},
    {file = "micropython_stdlib_stubs-1.1.2.tar.gz", hash = "sha256:0e20e044f24b7f5d67205fd08780aa4ca0ea3741e4d14406ff7dca1ed8364f49"},
]

[[package]]
name = "umidiparser"
version = "1.2"
description = "umidiparser - low footprint MIDI file parser for Micropython, CircuitPython and Python"
optional = false
python-versions = ">=3.9"
files = [
    {file = "umidiparser-1.2-py3-none-any.whl", hash = "sha256:c643fff2b8beb32f0868d3cfe51b423086f2d54519574b2a74bc5c01c657deff"},
    {file = "umidiparser-1.2.tar.gz", hash = "sha256:7c779396895e3b991110211521f7430a510964fa8fdc75f6e64cbad0da077e0f"},
]

[metadata]
lock-version = "2.0"
python-versions = "^3.11"
content-hash = "53052c37aa8032d16f2c1b3caf5722707c8e5c86a5125ec97e42c5ab3a5ed962"
